
Microsoft Visual Studio Solution File, Format Version 12.00
# Visual Studio Version 16
VisualStudioVersion = 16.0.28711.60
MinimumVisualStudioVersion = 10.0.40219.1
Project("{9A19103F-16F7-4668-BE54-9A1E7A4F7556}") = "AgeOfPatronage.Server", "AgeOfPatronage.Server\AgeOfPatronage.Server.csproj", "{2A65E2C7-CC6F-4FD1-A4BF-012194296370}"
EndProject
Project("{9A19103F-16F7-4668-BE54-9A1E7A4F7556}") = "AgeOfPatronage.Client", "AgeOfPatronage.Client\AgeOfPatronage.Client.csproj", "{2A555C64-010D-431C-B4E3-12B2B5AA645E}"
EndProject
Project("{9A19103F-16F7-4668-BE54-9A1E7A4F7556}") = "AgeOfPatronage.Shared", "AgeOfPatronage.Shared\AgeOfPatronage.Shared.csproj", "{9CCF0115-D68C-4299-83A7-13C6E6F85F15}"
EndProject
Project("{9A19103F-16F7-4668-BE54-9A1E7A4F7556}") = "AgeOfPatronage.Functions", "AgeOfPatronate.Functions\AgeOfPatronage.Functions.csproj", "{E4252768-9A98-42DF-8483-A837B2AB01F2}"
EndProject
Project("{9A19103F-16F7-4668-BE54-9A1E7A4F7556}") = "AgeOfPatronage.Patreon", "AoP.Patreon\AgeOfPatronage.Patreon.csproj", "{57833699-24F0-437C-8662-D72D47493E4D}"
EndProject
Project("{2150E333-8FDC-42A3-9474-1A3956D46DE8}") = "Games", "Games", "{A2325A29-1CC4-4220-897A-01FDDE32E92B}"
EndProject
Project("{2150E333-8FDC-42A3-9474-1A3956D46DE8}") = "ARK", "ARK", "{AC2000C2-85D0-41FF-A8C2-615E2478BA86}"
EndProject
Project("{2150E333-8FDC-42A3-9474-1A3956D46DE8}") = "Atlas", "Atlas", "{CB699540-2E73-4A37-BF02-AC02AE0A7AD5}"
EndProject
Project("{2150E333-8FDC-42A3-9474-1A3956D46DE8}") = "FPSample", "FPSample", "{06342C50-17E0-4F94-9196-4F9E8355AFD3}"
EndProject
Project("{2150E333-8FDC-42A3-9474-1A3956D46DE8}") = "Minecraft", "Minecraft", "{E27A3F57-856C-4896-9284-109B16959A35}"
EndProject
Project("{9A19103F-16F7-4668-BE54-9A1E7A4F7556}") = "ARKFunctions", "Games\ARK\ARKFunctions\ARKFunctions.csproj", "{0908E71E-6855-4A31-8B5E-ACB6D4B2AB04}"
EndProject
Project("{FAE04EC0-301F-11D3-BF4B-00C04F79EFBC}") = "AgeOfPatronage.UWP", "..\..\source\repos\AgeOfPatronage\AgeOfPatronage.UWP\AgeOfPatronage.UWP.csproj", "{A116B078-5722-403B-9916-614F48D4AE84}"
EndProject
Project("{FAE04EC0-301F-11D3-BF4B-00C04F79EFBC}") = "AtlasFunctions", "AtlasFunctions\AtlasFunctions.csproj", "{A9237EB5-7478-4D42-86B8-694E5629DB0F}"
EndProject
Project("{FAE04EC0-301F-11D3-BF4B-00C04F79EFBC}") = "FPSampleFunctions", "FPSampleFunctions\FPSampleFunctions.csproj", "{51FE847E-B57A-42BF-8D15-E4E6E69EBF38}"
EndProject
Project("{FAE04EC0-301F-11D3-BF4B-00C04F79EFBC}") = "MinecraftFunctions", "MinecraftFunctions\MinecraftFunctions.csproj", "{9560B8B5-09B1-4D72-AD80-4A0E6BE4856A}"
EndProject
Global
	GlobalSection(SolutionConfigurationPlatforms) = preSolution
		Debug|Any CPU = Debug|Any CPU
		Debug|ARM = Debug|ARM
		Debug|ARM64 = Debug|ARM64
		Debug|x64 = Debug|x64
		Debug|x86 = Debug|x86
		Release|Any CPU = Release|Any CPU
		Release|ARM = Release|ARM
		Release|ARM64 = Release|ARM64
		Release|x64 = Release|x64
		Release|x86 = Release|x86
	EndGlobalSection
	GlobalSection(ProjectConfigurationPlatforms) = postSolution
		{2A65E2C7-CC6F-4FD1-A4BF-012194296370}.Debug|Any CPU.ActiveCfg = Debug|Any CPU
		{2A65E2C7-CC6F-4FD1-A4BF-012194296370}.Debug|Any CPU.Build.0 = Debug|Any CPU
		{2A65E2C7-CC6F-4FD1-A4BF-012194296370}.Debug|ARM.ActiveCfg = Debug|Any CPU
		{2A65E2C7-CC6F-4FD1-A4BF-012194296370}.Debug|ARM.Build.0 = Debug|Any CPU
		{2A65E2C7-CC6F-4FD1-A4BF-012194296370}.Debug|ARM64.ActiveCfg = Debug|Any CPU
		{2A65E2C7-CC6F-4FD1-A4BF-012194296370}.Debug|ARM64.Build.0 = Debug|Any CPU
		{2A65E2C7-CC6F-4FD1-A4BF-012194296370}.Debug|x64.ActiveCfg = Debug|Any CPU
		{2A65E2C7-CC6F-4FD1-A4BF-012194296370}.Debug|x64.Build.0 = Debug|Any CPU
		{2A65E2C7-CC6F-4FD1-A4BF-012194296370}.Debug|x86.ActiveCfg = Debug|Any CPU
		{2A65E2C7-CC6F-4FD1-A4BF-012194296370}.Debug|x86.Build.0 = Debug|Any CPU
		{2A65E2C7-CC6F-4FD1-A4BF-012194296370}.Release|Any CPU.ActiveCfg = Release|Any CPU
		{2A65E2C7-CC6F-4FD1-A4BF-012194296370}.Release|Any CPU.Build.0 = Release|Any CPU
		{2A65E2C7-CC6F-4FD1-A4BF-012194296370}.Release|ARM.ActiveCfg = Release|Any CPU
		{2A65E2C7-CC6F-4FD1-A4BF-012194296370}.Release|ARM.Build.0 = Release|Any CPU
		{2A65E2C7-CC6F-4FD1-A4BF-012194296370}.Release|ARM64.ActiveCfg = Release|Any CPU
		{2A65E2C7-CC6F-4FD1-A4BF-012194296370}.Release|ARM64.Build.0 = Release|Any CPU
		{2A65E2C7-CC6F-4FD1-A4BF-012194296370}.Release|x64.ActiveCfg = Release|Any CPU
		{2A65E2C7-CC6F-4FD1-A4BF-012194296370}.Release|x64.Build.0 = Release|Any CPU
		{2A65E2C7-CC6F-4FD1-A4BF-012194296370}.Release|x86.ActiveCfg = Release|Any CPU
		{2A65E2C7-CC6F-4FD1-A4BF-012194296370}.Release|x86.Build.0 = Release|Any CPU
		{2A555C64-010D-431C-B4E3-12B2B5AA645E}.Debug|Any CPU.ActiveCfg = Debug|Any CPU
		{2A555C64-010D-431C-B4E3-12B2B5AA645E}.Debug|Any CPU.Build.0 = Debug|Any CPU
		{2A555C64-010D-431C-B4E3-12B2B5AA645E}.Debug|ARM.ActiveCfg = Debug|Any CPU
		{2A555C64-010D-431C-B4E3-12B2B5AA645E}.Debug|ARM.Build.0 = Debug|Any CPU
		{2A555C64-010D-431C-B4E3-12B2B5AA645E}.Debug|ARM64.ActiveCfg = Debug|Any CPU
		{2A555C64-010D-431C-B4E3-12B2B5AA645E}.Debug|ARM64.Build.0 = Debug|Any CPU
		{2A555C64-010D-431C-B4E3-12B2B5AA645E}.Debug|x64.ActiveCfg = Debug|Any CPU
		{2A555C64-010D-431C-B4E3-12B2B5AA645E}.Debug|x64.Build.0 = Debug|Any CPU
		{2A555C64-010D-431C-B4E3-12B2B5AA645E}.Debug|x86.ActiveCfg = Debug|Any CPU
		{2A555C64-010D-431C-B4E3-12B2B5AA645E}.Debug|x86.Build.0 = Debug|Any CPU
		{2A555C64-010D-431C-B4E3-12B2B5AA645E}.Release|Any CPU.ActiveCfg = Release|Any CPU
		{2A555C64-010D-431C-B4E3-12B2B5AA645E}.Release|Any CPU.Build.0 = Release|Any CPU
		{2A555C64-010D-431C-B4E3-12B2B5AA645E}.Release|ARM.ActiveCfg = Release|Any CPU
		{2A555C64-010D-431C-B4E3-12B2B5AA645E}.Release|ARM.Build.0 = Release|Any CPU
		{2A555C64-010D-431C-B4E3-12B2B5AA645E}.Release|ARM64.ActiveCfg = Release|Any CPU
		{2A555C64-010D-431C-B4E3-12B2B5AA645E}.Release|ARM64.Build.0 = Release|Any CPU
		{2A555C64-010D-431C-B4E3-12B2B5AA645E}.Release|x64.ActiveCfg = Release|Any CPU
		{2A555C64-010D-431C-B4E3-12B2B5AA645E}.Release|x64.Build.0 = Release|Any CPU
		{2A555C64-010D-431C-B4E3-12B2B5AA645E}.Release|x86.ActiveCfg = Release|Any CPU
		{2A555C64-010D-431C-B4E3-12B2B5AA645E}.Release|x86.Build.0 = Release|Any CPU
		{9CCF0115-D68C-4299-83A7-13C6E6F85F15}.Debug|Any CPU.ActiveCfg = Debug|Any CPU
		{9CCF0115-D68C-4299-83A7-13C6E6F85F15}.Debug|Any CPU.Build.0 = Debug|Any CPU
		{9CCF0115-D68C-4299-83A7-13C6E6F85F15}.Debug|ARM.ActiveCfg = Debug|Any CPU
		{9CCF0115-D68C-4299-83A7-13C6E6F85F15}.Debug|ARM.Build.0 = Debug|Any CPU
		{9CCF0115-D68C-4299-83A7-13C6E6F85F15}.Debug|ARM64.ActiveCfg = Debug|Any CPU
		{9CCF0115-D68C-4299-83A7-13C6E6F85F15}.Debug|ARM64.Build.0 = Debug|Any CPU
		{9CCF0115-D68C-4299-83A7-13C6E6F85F15}.Debug|x64.ActiveCfg = Debug|Any CPU
		{9CCF0115-D68C-4299-83A7-13C6E6F85F15}.Debug|x64.Build.0 = Debug|Any CPU
		{9CCF0115-D68C-4299-83A7-13C6E6F85F15}.Debug|x86.ActiveCfg = Debug|Any CPU
		{9CCF0115-D68C-4299-83A7-13C6E6F85F15}.Debug|x86.Build.0 = Debug|Any CPU
		{9CCF0115-D68C-4299-83A7-13C6E6F85F15}.Release|Any CPU.ActiveCfg = Release|Any CPU
		{9CCF0115-D68C-4299-83A7-13C6E6F85F15}.Release|Any CPU.Build.0 = Release|Any CPU
		{9CCF0115-D68C-4299-83A7-13C6E6F85F15}.Release|ARM.ActiveCfg = Release|Any CPU
		{9CCF0115-D68C-4299-83A7-13C6E6F85F15}.Release|ARM.Build.0 = Release|Any CPU
		{9CCF0115-D68C-4299-83A7-13C6E6F85F15}.Release|ARM64.ActiveCfg = Release|Any CPU
		{9CCF0115-D68C-4299-83A7-13C6E6F85F15}.Release|ARM64.Build.0 = Release|Any CPU
		{9CCF0115-D68C-4299-83A7-13C6E6F85F15}.Release|x64.ActiveCfg = Release|Any CPU
		{9CCF0115-D68C-4299-83A7-13C6E6F85F15}.Release|x64.Build.0 = Release|Any CPU
		{9CCF0115-D68C-4299-83A7-13C6E6F85F15}.Release|x86.ActiveCfg = Release|Any CPU
		{9CCF0115-D68C-4299-83A7-13C6E6F85F15}.Release|x86.Build.0 = Release|Any CPU
		{E4252768-9A98-42DF-8483-A837B2AB01F2}.Debug|Any CPU.ActiveCfg = Debug|Any CPU
		{E4252768-9A98-42DF-8483-A837B2AB01F2}.Debug|Any CPU.Build.0 = Debug|Any CPU
		{E4252768-9A98-42DF-8483-A837B2AB01F2}.Debug|ARM.ActiveCfg = Debug|Any CPU
		{E4252768-9A98-42DF-8483-A837B2AB01F2}.Debug|ARM.Build.0 = Debug|Any CPU
		{E4252768-9A98-42DF-8483-A837B2AB01F2}.Debug|ARM64.ActiveCfg = Debug|Any CPU
		{E4252768-9A98-42DF-8483-A837B2AB01F2}.Debug|ARM64.Build.0 = Debug|Any CPU
		{E4252768-9A98-42DF-8483-A837B2AB01F2}.Debug|x64.ActiveCfg = Debug|Any CPU
		{E4252768-9A98-42DF-8483-A837B2AB01F2}.Debug|x64.Build.0 = Debug|Any CPU
		{E4252768-9A98-42DF-8483-A837B2AB01F2}.Debug|x86.ActiveCfg = Debug|Any CPU
		{E4252768-9A98-42DF-8483-A837B2AB01F2}.Debug|x86.Build.0 = Debug|Any CPU
		{E4252768-9A98-42DF-8483-A837B2AB01F2}.Release|Any CPU.ActiveCfg = Release|Any CPU
		{E4252768-9A98-42DF-8483-A837B2AB01F2}.Release|Any CPU.Build.0 = Release|Any CPU
		{E4252768-9A98-42DF-8483-A837B2AB01F2}.Release|ARM.ActiveCfg = Release|Any CPU
		{E4252768-9A98-42DF-8483-A837B2AB01F2}.Release|ARM.Build.0 = Release|Any CPU
		{E4252768-9A98-42DF-8483-A837B2AB01F2}.Release|ARM64.ActiveCfg = Release|Any CPU
		{E4252768-9A98-42DF-8483-A837B2AB01F2}.Release|ARM64.Build.0 = Release|Any CPU
		{E4252768-9A98-42DF-8483-A837B2AB01F2}.Release|x64.ActiveCfg = Release|Any CPU
		{E4252768-9A98-42DF-8483-A837B2AB01F2}.Release|x64.Build.0 = Release|Any CPU
		{E4252768-9A98-42DF-8483-A837B2AB01F2}.Release|x86.ActiveCfg = Release|Any CPU
		{E4252768-9A98-42DF-8483-A837B2AB01F2}.Release|x86.Build.0 = Release|Any CPU
		{57833699-24F0-437C-8662-D72D47493E4D}.Debug|Any CPU.ActiveCfg = Debug|Any CPU
		{57833699-24F0-437C-8662-D72D47493E4D}.Debug|Any CPU.Build.0 = Debug|Any CPU
		{57833699-24F0-437C-8662-D72D47493E4D}.Debug|ARM.ActiveCfg = Debug|Any CPU
		{57833699-24F0-437C-8662-D72D47493E4D}.Debug|ARM.Build.0 = Debug|Any CPU
		{57833699-24F0-437C-8662-D72D47493E4D}.Debug|ARM64.ActiveCfg = Debug|Any CPU
		{57833699-24F0-437C-8662-D72D47493E4D}.Debug|ARM64.Build.0 = Debug|Any CPU
		{57833699-24F0-437C-8662-D72D47493E4D}.Debug|x64.ActiveCfg = Debug|Any CPU
		{57833699-24F0-437C-8662-D72D47493E4D}.Debug|x64.Build.0 = Debug|Any CPU
		{57833699-24F0-437C-8662-D72D47493E4D}.Debug|x86.ActiveCfg = Debug|Any CPU
		{57833699-24F0-437C-8662-D72D47493E4D}.Debug|x86.Build.0 = Debug|Any CPU
		{57833699-24F0-437C-8662-D72D47493E4D}.Release|Any CPU.ActiveCfg = Release|Any CPU
		{57833699-24F0-437C-8662-D72D47493E4D}.Release|Any CPU.Build.0 = Release|Any CPU
		{57833699-24F0-437C-8662-D72D47493E4D}.Release|ARM.ActiveCfg = Release|Any CPU
		{57833699-24F0-437C-8662-D72D47493E4D}.Release|ARM.Build.0 = Release|Any CPU
		{57833699-24F0-437C-8662-D72D47493E4D}.Release|ARM64.ActiveCfg = Release|Any CPU
		{57833699-24F0-437C-8662-D72D47493E4D}.Release|ARM64.Build.0 = Release|Any CPU
		{57833699-24F0-437C-8662-D72D47493E4D}.Release|x64.ActiveCfg = Release|Any CPU
		{57833699-24F0-437C-8662-D72D47493E4D}.Release|x64.Build.0 = Release|Any CPU
		{57833699-24F0-437C-8662-D72D47493E4D}.Release|x86.ActiveCfg = Release|Any CPU
		{57833699-24F0-437C-8662-D72D47493E4D}.Release|x86.Build.0 = Release|Any CPU
		{0908E71E-6855-4A31-8B5E-ACB6D4B2AB04}.Debug|Any CPU.ActiveCfg = Debug|Any CPU
		{0908E71E-6855-4A31-8B5E-ACB6D4B2AB04}.Debug|Any CPU.Build.0 = Debug|Any CPU
		{0908E71E-6855-4A31-8B5E-ACB6D4B2AB04}.Debug|ARM.ActiveCfg = Debug|Any CPU
		{0908E71E-6855-4A31-8B5E-ACB6D4B2AB04}.Debug|ARM.Build.0 = Debug|Any CPU
		{0908E71E-6855-4A31-8B5E-ACB6D4B2AB04}.Debug|ARM64.ActiveCfg = Debug|Any CPU
		{0908E71E-6855-4A31-8B5E-ACB6D4B2AB04}.Debug|ARM64.Build.0 = Debug|Any CPU
		{0908E71E-6855-4A31-8B5E-ACB6D4B2AB04}.Debug|x64.ActiveCfg = Debug|Any CPU
		{0908E71E-6855-4A31-8B5E-ACB6D4B2AB04}.Debug|x64.Build.0 = Debug|Any CPU
		{0908E71E-6855-4A31-8B5E-ACB6D4B2AB04}.Debug|x86.ActiveCfg = Debug|Any CPU
		{0908E71E-6855-4A31-8B5E-ACB6D4B2AB04}.Debug|x86.Build.0 = Debug|Any CPU
		{0908E71E-6855-4A31-8B5E-ACB6D4B2AB04}.Release|Any CPU.ActiveCfg = Release|Any CPU
		{0908E71E-6855-4A31-8B5E-ACB6D4B2AB04}.Release|Any CPU.Build.0 = Release|Any CPU
		{0908E71E-6855-4A31-8B5E-ACB6D4B2AB04}.Release|ARM.ActiveCfg = Release|Any CPU
		{0908E71E-6855-4A31-8B5E-ACB6D4B2AB04}.Release|ARM.Build.0 = Release|Any CPU
		{0908E71E-6855-4A31-8B5E-ACB6D4B2AB04}.Release|ARM64.ActiveCfg = Release|Any CPU
		{0908E71E-6855-4A31-8B5E-ACB6D4B2AB04}.Release|ARM64.Build.0 = Release|Any CPU
		{0908E71E-6855-4A31-8B5E-ACB6D4B2AB04}.Release|x64.ActiveCfg = Release|Any CPU
		{0908E71E-6855-4A31-8B5E-ACB6D4B2AB04}.Release|x64.Build.0 = Release|Any CPU
		{0908E71E-6855-4A31-8B5E-ACB6D4B2AB04}.Release|x86.ActiveCfg = Release|Any CPU
		{0908E71E-6855-4A31-8B5E-ACB6D4B2AB04}.Release|x86.Build.0 = Release|Any CPU
		{A116B078-5722-403B-9916-614F48D4AE84}.Debug|Any CPU.ActiveCfg = Debug|x86
		{A116B078-5722-403B-9916-614F48D4AE84}.Debug|ARM.ActiveCfg = Debug|ARM
		{A116B078-5722-403B-9916-614F48D4AE84}.Debug|ARM.Build.0 = Debug|ARM
		{A116B078-5722-403B-9916-614F48D4AE84}.Debug|ARM.Deploy.0 = Debug|ARM
		{A116B078-5722-403B-9916-614F48D4AE84}.Debug|ARM64.ActiveCfg = Debug|ARM64
		{A116B078-5722-403B-9916-614F48D4AE84}.Debug|ARM64.Build.0 = Debug|ARM64
		{A116B078-5722-403B-9916-614F48D4AE84}.Debug|ARM64.Deploy.0 = Debug|ARM64
		{A116B078-5722-403B-9916-614F48D4AE84}.Debug|x64.ActiveCfg = Debug|x64
		{A116B078-5722-403B-9916-614F48D4AE84}.Debug|x64.Build.0 = Debug|x64
		{A116B078-5722-403B-9916-614F48D4AE84}.Debug|x64.Deploy.0 = Debug|x64
		{A116B078-5722-403B-9916-614F48D4AE84}.Debug|x86.ActiveCfg = Debug|x86
		{A116B078-5722-403B-9916-614F48D4AE84}.Debug|x86.Build.0 = Debug|x86
		{A116B078-5722-403B-9916-614F48D4AE84}.Debug|x86.Deploy.0 = Debug|x86
		{A116B078-5722-403B-9916-614F48D4AE84}.Release|Any CPU.ActiveCfg = Release|x86
		{A116B078-5722-403B-9916-614F48D4AE84}.Release|ARM.ActiveCfg = Release|ARM
		{A116B078-5722-403B-9916-614F48D4AE84}.Release|ARM.Build.0 = Release|ARM
		{A116B078-5722-403B-9916-614F48D4AE84}.Release|ARM.Deploy.0 = Release|ARM
		{A116B078-5722-403B-9916-614F48D4AE84}.Release|ARM64.ActiveCfg = Release|ARM64
		{A116B078-5722-403B-9916-614F48D4AE84}.Release|ARM64.Build.0 = Release|ARM64
		{A116B078-5722-403B-9916-614F48D4AE84}.Release|ARM64.Deploy.0 = Release|ARM64
		{A116B078-5722-403B-9916-614F48D4AE84}.Release|x64.ActiveCfg = Release|x64
		{A116B078-5722-403B-9916-614F48D4AE84}.Release|x64.Build.0 = Release|x64
		{A116B078-5722-403B-9916-614F48D4AE84}.Release|x64.Deploy.0 = Release|x64
		{A116B078-5722-403B-9916-614F48D4AE84}.Release|x86.ActiveCfg = Release|x86
		{A116B078-5722-403B-9916-614F48D4AE84}.Release|x86.Build.0 = Release|x86
		{A116B078-5722-403B-9916-614F48D4AE84}.Release|x86.Deploy.0 = Release|x86
		{A9237EB5-7478-4D42-86B8-694E5629DB0F}.Debug|Any CPU.ActiveCfg = Debug|Any CPU
		{A9237EB5-7478-4D42-86B8-694E5629DB0F}.Debug|Any CPU.Build.0 = Debug|Any CPU
		{A9237EB5-7478-4D42-86B8-694E5629DB0F}.Debug|ARM.ActiveCfg = Debug|Any CPU
		{A9237EB5-7478-4D42-86B8-694E5629DB0F}.Debug|ARM.Build.0 = Debug|Any CPU
		{A9237EB5-7478-4D42-86B8-694E5629DB0F}.Debug|ARM64.ActiveCfg = Debug|Any CPU
		{A9237EB5-7478-4D42-86B8-694E5629DB0F}.Debug|ARM64.Build.0 = Debug|Any CPU
		{A9237EB5-7478-4D42-86B8-694E5629DB0F}.Debug|x64.ActiveCfg = Debug|Any CPU
		{A9237EB5-7478-4D42-86B8-694E5629DB0F}.Debug|x64.Build.0 = Debug|Any CPU
		{A9237EB5-7478-4D42-86B8-694E5629DB0F}.Debug|x86.ActiveCfg = Debug|Any CPU
		{A9237EB5-7478-4D42-86B8-694E5629DB0F}.Debug|x86.Build.0 = Debug|Any CPU
		{A9237EB5-7478-4D42-86B8-694E5629DB0F}.Release|Any CPU.ActiveCfg = Release|Any CPU
		{A9237EB5-7478-4D42-86B8-694E5629DB0F}.Release|Any CPU.Build.0 = Release|Any CPU
		{A9237EB5-7478-4D42-86B8-694E5629DB0F}.Release|ARM.ActiveCfg = Release|Any CPU
		{A9237EB5-7478-4D42-86B8-694E5629DB0F}.Release|ARM.Build.0 = Release|Any CPU
		{A9237EB5-7478-4D42-86B8-694E5629DB0F}.Release|ARM64.ActiveCfg = Release|Any CPU
		{A9237EB5-7478-4D42-86B8-694E5629DB0F}.Release|ARM64.Build.0 = Release|Any CPU
		{A9237EB5-7478-4D42-86B8-694E5629DB0F}.Release|x64.ActiveCfg = Release|Any CPU
		{A9237EB5-7478-4D42-86B8-694E5629DB0F}.Release|x64.Build.0 = Release|Any CPU
		{A9237EB5-7478-4D42-86B8-694E5629DB0F}.Release|x86.ActiveCfg = Release|Any CPU
		{A9237EB5-7478-4D42-86B8-694E5629DB0F}.Release|x86.Build.0 = Release|Any CPU
		{51FE847E-B57A-42BF-8D15-E4E6E69EBF38}.Debug|Any CPU.ActiveCfg = Debug|Any CPU
		{51FE847E-B57A-42BF-8D15-E4E6E69EBF38}.Debug|Any CPU.Build.0 = Debug|Any CPU
		{51FE847E-B57A-42BF-8D15-E4E6E69EBF38}.Debug|ARM.ActiveCfg = Debug|Any CPU
		{51FE847E-B57A-42BF-8D15-E4E6E69EBF38}.Debug|ARM.Build.0 = Debug|Any CPU
		{51FE847E-B57A-42BF-8D15-E4E6E69EBF38}.Debug|ARM64.ActiveCfg = Debug|Any CPU
		{51FE847E-B57A-42BF-8D15-E4E6E69EBF38}.Debug|ARM64.Build.0 = Debug|Any CPU
		{51FE847E-B57A-42BF-8D15-E4E6E69EBF38}.Debug|x64.ActiveCfg = Debug|Any CPU
		{51FE847E-B57A-42BF-8D15-E4E6E69EBF38}.Debug|x64.Build.0 = Debug|Any CPU
		{51FE847E-B57A-42BF-8D15-E4E6E69EBF38}.Debug|x86.ActiveCfg = Debug|Any CPU
		{51FE847E-B57A-42BF-8D15-E4E6E69EBF38}.Debug|x86.Build.0 = Debug|Any CPU
		{51FE847E-B57A-42BF-8D15-E4E6E69EBF38}.Release|Any CPU.ActiveCfg = Release|Any CPU
		{51FE847E-B57A-42BF-8D15-E4E6E69EBF38}.Release|Any CPU.Build.0 = Release|Any CPU
		{51FE847E-B57A-42BF-8D15-E4E6E69EBF38}.Release|ARM.ActiveCfg = Release|Any CPU
		{51FE847E-B57A-42BF-8D15-E4E6E69EBF38}.Release|ARM.Build.0 = Release|Any CPU
		{51FE847E-B57A-42BF-8D15-E4E6E69EBF38}.Release|ARM64.ActiveCfg = Release|Any CPU
		{51FE847E-B57A-42BF-8D15-E4E6E69EBF38}.Release|ARM64.Build.0 = Release|Any CPU
		{51FE847E-B57A-42BF-8D15-E4E6E69EBF38}.Release|x64.ActiveCfg = Release|Any CPU
		{51FE847E-B57A-42BF-8D15-E4E6E69EBF38}.Release|x64.Build.0 = Release|Any CPU
		{51FE847E-B57A-42BF-8D15-E4E6E69EBF38}.Release|x86.ActiveCfg = Release|Any CPU
		{51FE847E-B57A-42BF-8D15-E4E6E69EBF38}.Release|x86.Build.0 = Release|Any CPU
		{9560B8B5-09B1-4D72-AD80-4A0E6BE4856A}.Debug|Any CPU.ActiveCfg = Debug|Any CPU
		{9560B8B5-09B1-4D72-AD80-4A0E6BE4856A}.Debug|Any CPU.Build.0 = Debug|Any CPU
		{9560B8B5-09B1-4D72-AD80-4A0E6BE4856A}.Debug|ARM.ActiveCfg = Debug|Any CPU
		{9560B8B5-09B1-4D72-AD80-4A0E6BE4856A}.Debug|ARM.Build.0 = Debug|Any CPU
		{9560B8B5-09B1-4D72-AD80-4A0E6BE4856A}.Debug|ARM64.ActiveCfg = Debug|Any CPU
		{9560B8B5-09B1-4D72-AD80-4A0E6BE4856A}.Debug|ARM64.Build.0 = Debug|Any CPU
		{9560B8B5-09B1-4D72-AD80-4A0E6BE4856A}.Debug|x64.ActiveCfg = Debug|Any CPU
		{9560B8B5-09B1-4D72-AD80-4A0E6BE4856A}.Debug|x64.Build.0 = Debug|Any CPU
		{9560B8B5-09B1-4D72-AD80-4A0E6BE4856A}.Debug|x86.ActiveCfg = Debug|Any CPU
		{9560B8B5-09B1-4D72-AD80-4A0E6BE4856A}.Debug|x86.Build.0 = Debug|Any CPU
		{9560B8B5-09B1-4D72-AD80-4A0E6BE4856A}.Release|Any CPU.ActiveCfg = Release|Any CPU
		{9560B8B5-09B1-4D72-AD80-4A0E6BE4856A}.Release|Any CPU.Build.0 = Release|Any CPU
		{9560B8B5-09B1-4D72-AD80-4A0E6BE4856A}.Release|ARM.ActiveCfg = Release|Any CPU
		{9560B8B5-09B1-4D72-AD80-4A0E6BE4856A}.Release|ARM.Build.0 = Release|Any CPU
		{9560B8B5-09B1-4D72-AD80-4A0E6BE4856A}.Release|ARM64.ActiveCfg = Release|Any CPU
		{9560B8B5-09B1-4D72-AD80-4A0E6BE4856A}.Release|ARM64.Build.0 = Release|Any CPU
		{9560B8B5-09B1-4D72-AD80-4A0E6BE4856A}.Release|x64.ActiveCfg = Release|Any CPU
		{9560B8B5-09B1-4D72-AD80-4A0E6BE4856A}.Release|x64.Build.0 = Release|Any CPU
		{9560B8B5-09B1-4D72-AD80-4A0E6BE4856A}.Release|x86.ActiveCfg = Release|Any CPU
		{9560B8B5-09B1-4D72-AD80-4A0E6BE4856A}.Release|x86.Build.0 = Release|Any CPU
	EndGlobalSection
	GlobalSection(SolutionProperties) = preSolution
		HideSolutionNode = FALSE
	EndGlobalSection
	GlobalSection(NestedProjects) = preSolution
		{AC2000C2-85D0-41FF-A8C2-615E2478BA86} = {A2325A29-1CC4-4220-897A-01FDDE32E92B}
		{CB699540-2E73-4A37-BF02-AC02AE0A7AD5} = {A2325A29-1CC4-4220-897A-01FDDE32E92B}
		{06342C50-17E0-4F94-9196-4F9E8355AFD3} = {A2325A29-1CC4-4220-897A-01FDDE32E92B}
		{E27A3F57-856C-4896-9284-109B16959A35} = {A2325A29-1CC4-4220-897A-01FDDE32E92B}
		{0908E71E-6855-4A31-8B5E-ACB6D4B2AB04} = {AC2000C2-85D0-41FF-A8C2-615E2478BA86}
		{A9237EB5-7478-4D42-86B8-694E5629DB0F} = {CB699540-2E73-4A37-BF02-AC02AE0A7AD5}
		{51FE847E-B57A-42BF-8D15-E4E6E69EBF38} = {06342C50-17E0-4F94-9196-4F9E8355AFD3}
		{9560B8B5-09B1-4D72-AD80-4A0E6BE4856A} = {E27A3F57-856C-4896-9284-109B16959A35}
	EndGlobalSection
	GlobalSection(ExtensibilityGlobals) = postSolution
		SolutionGuid = {D9F7DA2D-8C90-4D82-9549-92B4F405D10B}
	EndGlobalSection
EndGlobal
